// !$*UTF8*$!
{
	archiveVersion = 1;
	classes = {
	};
	objectVersion = 51;
	objects = {

/* Begin PBXBuildFile section */
		8A0EE18323B5965B0049E0F1 /* Notification+Extension.swift in Sources */ = {isa = PBXBuildFile; fileRef = 8A0EE18223B5965B0049E0F1 /* Notification+Extension.swift */; };
		8A280A3B23B55D19004D1E3A /* AppDelegate.swift in Sources */ = {isa = PBXBuildFile; fileRef = 8A280A3A23B55D19004D1E3A /* AppDelegate.swift */; };
		8A280A3F23B55D19004D1E3A /* VideoGalleryViewController.swift in Sources */ = {isa = PBXBuildFile; fileRef = 8A280A3E23B55D19004D1E3A /* VideoGalleryViewController.swift */; };
		8A280A4423B55D1B004D1E3A /* Assets.xcassets in Resources */ = {isa = PBXBuildFile; fileRef = 8A280A4323B55D1B004D1E3A /* Assets.xcassets */; };
		8A280A4723B55D1B004D1E3A /* LaunchScreen.storyboard in Resources */ = {isa = PBXBuildFile; fileRef = 8A280A4523B55D1B004D1E3A /* LaunchScreen.storyboard */; };
		8A280A4F23B55E00004D1E3A /* sample.json in Resources */ = {isa = PBXBuildFile; fileRef = 8A280A4E23B55E00004D1E3A /* sample.json */; };
		8A280A5123B55EE2004D1E3A /* VideoGalleryViewModel.swift in Sources */ = {isa = PBXBuildFile; fileRef = 8A280A5023B55EE2004D1E3A /* VideoGalleryViewModel.swift */; };
		8A280A5323B56644004D1E3A /* VideoTableViewCell.swift in Sources */ = {isa = PBXBuildFile; fileRef = 8A280A5223B56644004D1E3A /* VideoTableViewCell.swift */; };
		8A280A5623B56754004D1E3A /* VideoPlayerView.swift in Sources */ = {isa = PBXBuildFile; fileRef = 8A280A5523B56754004D1E3A /* VideoPlayerView.swift */; };
		8A280A5923B57175004D1E3A /* VideoViewController.swift in Sources */ = {isa = PBXBuildFile; fileRef = 8A280A5823B57175004D1E3A /* VideoViewController.swift */; };
		8A94EEBC23B6ADA900F0E6A8 /* VideoNode.swift in Sources */ = {isa = PBXBuildFile; fileRef = 8A94EEBB23B6ADA900F0E6A8 /* VideoNode.swift */; };
		8A94EEBE23B6B04700F0E6A8 /* VideoNodeController.swift in Sources */ = {isa = PBXBuildFile; fileRef = 8A94EEBD23B6B04700F0E6A8 /* VideoNodeController.swift */; };
		CCBA266A036B3FC18489ADCD /* Pods_AVPlayerReworking.framework in Frameworks */ = {isa = PBXBuildFile; fileRef = 027BEC62DFFAB9543A5C35B1 /* Pods_AVPlayerReworking.framework */; };
/* End PBXBuildFile section */

/* Begin PBXFileReference section */
		027BEC62DFFAB9543A5C35B1 /* Pods_AVPlayerReworking.framework */ = {isa = PBXFileReference; explicitFileType = wrapper.framework; includeInIndex = 0; path = Pods_AVPlayerReworking.framework; sourceTree = BUILT_PRODUCTS_DIR; };
		70F05C5D40C2512F415929B3 /* Pods-AVPlayerReworking.debug.xcconfig */ = {isa = PBXFileReference; includeInIndex = 1; lastKnownFileType = text.xcconfig; name = "Pods-AVPlayerReworking.debug.xcconfig"; path = "Target Support Files/Pods-AVPlayerReworking/Pods-AVPlayerReworking.debug.xcconfig"; sourceTree = "<group>"; };
		8A0EE18223B5965B0049E0F1 /* Notification+Extension.swift */ = {isa = PBXFileReference; lastKnownFileType = sourcecode.swift; path = "Notification+Extension.swift"; sourceTree = "<group>"; };
		8A280A3723B55D18004D1E3A /* AVPlayerReworking.app */ = {isa = PBXFileReference; explicitFileType = wrapper.application; includeInIndex = 0; path = AVPlayerReworking.app; sourceTree = BUILT_PRODUCTS_DIR; };
		8A280A3A23B55D19004D1E3A /* AppDelegate.swift */ = {isa = PBXFileReference; lastKnownFileType = sourcecode.swift; path = AppDelegate.swift; sourceTree = "<group>"; };
		8A280A3E23B55D19004D1E3A /* VideoGalleryViewController.swift */ = {isa = PBXFileReference; lastKnownFileType = sourcecode.swift; path = VideoGalleryViewController.swift; sourceTree = "<group>"; };
		8A280A4323B55D1B004D1E3A /* Assets.xcassets */ = {isa = PBXFileReference; lastKnownFileType = folder.assetcatalog; path = Assets.xcassets; sourceTree = "<group>"; };
		8A280A4623B55D1B004D1E3A /* Base */ = {isa = PBXFileReference; lastKnownFileType = file.storyboard; name = Base; path = Base.lproj/LaunchScreen.storyboard; sourceTree = "<group>"; };
		8A280A4823B55D1B004D1E3A /* Info.plist */ = {isa = PBXFileReference; lastKnownFileType = text.plist.xml; path = Info.plist; sourceTree = "<group>"; };
		8A280A4E23B55E00004D1E3A /* sample.json */ = {isa = PBXFileReference; lastKnownFileType = text.json; path = sample.json; sourceTree = "<group>"; };
		8A280A5023B55EE2004D1E3A /* VideoGalleryViewModel.swift */ = {isa = PBXFileReference; lastKnownFileType = sourcecode.swift; path = VideoGalleryViewModel.swift; sourceTree = "<group>"; };
		8A280A5223B56644004D1E3A /* VideoTableViewCell.swift */ = {isa = PBXFileReference; lastKnownFileType = sourcecode.swift; path = VideoTableViewCell.swift; sourceTree = "<group>"; };
		8A280A5523B56754004D1E3A /* VideoPlayerView.swift */ = {isa = PBXFileReference; lastKnownFileType = sourcecode.swift; path = VideoPlayerView.swift; sourceTree = "<group>"; };
		8A280A5823B57175004D1E3A /* VideoViewController.swift */ = {isa = PBXFileReference; lastKnownFileType = sourcecode.swift; path = VideoViewController.swift; sourceTree = "<group>"; };
		8A94EEBB23B6ADA900F0E6A8 /* VideoNode.swift */ = {isa = PBXFileReference; lastKnownFileType = sourcecode.swift; path = VideoNode.swift; sourceTree = "<group>"; };
		8A94EEBD23B6B04700F0E6A8 /* VideoNodeController.swift */ = {isa = PBXFileReference; lastKnownFileType = sourcecode.swift; path = VideoNodeController.swift; sourceTree = "<group>"; };
		EA3E8D07072D83D152DF3EBA /* Pods-AVPlayerReworking.release.xcconfig */ = {isa = PBXFileReference; includeInIndex = 1; lastKnownFileType = text.xcconfig; name = "Pods-AVPlayerReworking.release.xcconfig"; path = "Target Support Files/Pods-AVPlayerReworking/Pods-AVPlayerReworking.release.xcconfig"; sourceTree = "<group>"; };
/* End PBXFileReference section */

/* Begin PBXFrameworksBuildPhase section */
		8A280A3423B55D18004D1E3A /* Frameworks */ = {
			isa = PBXFrameworksBuildPhase;
			buildActionMask = 2147483647;
			files = (
				CCBA266A036B3FC18489ADCD /* Pods_AVPlayerReworking.framework in Frameworks */,
			);
			runOnlyForDeploymentPostprocessing = 0;
		};
/* End PBXFrameworksBuildPhase section */

/* Begin PBXGroup section */
		56BE4EA12C77848C83CAEAEC /* Frameworks */ = {
			isa = PBXGroup;
			children = (
				027BEC62DFFAB9543A5C35B1 /* Pods_AVPlayerReworking.framework */,
			);
			name = Frameworks;
			sourceTree = "<group>";
		};
		8A0EE18123B596450049E0F1 /* Extensions */ = {
			isa = PBXGroup;
			children = (
				8A0EE18223B5965B0049E0F1 /* Notification+Extension.swift */,
			);
			path = Extensions;
			sourceTree = "<group>";
		};
		8A280A2E23B55D18004D1E3A = {
			isa = PBXGroup;
			children = (
				8A280A3923B55D19004D1E3A /* AVPlayerReworking */,
				8A280A3823B55D18004D1E3A /* Products */,
				99D00C4CFAF3C6FADF012428 /* Pods */,
				56BE4EA12C77848C83CAEAEC /* Frameworks */,
			);
			sourceTree = "<group>";
		};
		8A280A3823B55D18004D1E3A /* Products */ = {
			isa = PBXGroup;
			children = (
				8A280A3723B55D18004D1E3A /* AVPlayerReworking.app */,
			);
			name = Products;
			sourceTree = "<group>";
		};
		8A280A3923B55D19004D1E3A /* AVPlayerReworking */ = {
			isa = PBXGroup;
			children = (
				8A0EE18123B596450049E0F1 /* Extensions */,
				8A280A4323B55D1B004D1E3A /* Assets.xcassets */,
				8A280A3A23B55D19004D1E3A /* AppDelegate.swift */,
				8A280A5023B55EE2004D1E3A /* VideoGalleryViewModel.swift */,
				8A280A3E23B55D19004D1E3A /* VideoGalleryViewController.swift */,
				8A280A5423B5672E004D1E3A /* Video Player */,
				8A280A4523B55D1B004D1E3A /* LaunchScreen.storyboard */,
				8A280A4823B55D1B004D1E3A /* Info.plist */,
				8A280A4E23B55E00004D1E3A /* sample.json */,
			);
			path = AVPlayerReworking;
			sourceTree = "<group>";
		};
		8A280A5423B5672E004D1E3A /* Video Player */ = {
			isa = PBXGroup;
			children = (
				8A280A5823B57175004D1E3A /* VideoViewController.swift */,
				8A94EEBD23B6B04700F0E6A8 /* VideoNodeController.swift */,
				8A280A5223B56644004D1E3A /* VideoTableViewCell.swift */,
				8A280A5523B56754004D1E3A /* VideoPlayerView.swift */,
				8A94EEBB23B6ADA900F0E6A8 /* VideoNode.swift */,
			);
			path = "Video Player";
			sourceTree = "<group>";
		};
		99D00C4CFAF3C6FADF012428 /* Pods */ = {
			isa = PBXGroup;
			children = (
				70F05C5D40C2512F415929B3 /* Pods-AVPlayerReworking.debug.xcconfig */,
				EA3E8D07072D83D152DF3EBA /* Pods-AVPlayerReworking.release.xcconfig */,
			);
			path = Pods;
			sourceTree = "<group>";
		};
/* End PBXGroup section */

/* Begin PBXNativeTarget section */
		8A280A3623B55D18004D1E3A /* AVPlayerReworking */ = {
			isa = PBXNativeTarget;
			buildConfigurationList = 8A280A4B23B55D1B004D1E3A /* Build configuration list for PBXNativeTarget "AVPlayerReworking" */;
			buildPhases = (
				62448B1CF829B6F0049734F1 /* [CP] Check Pods Manifest.lock */,
				8A280A3323B55D18004D1E3A /* Sources */,
				8A280A3423B55D18004D1E3A /* Frameworks */,
				8A280A3523B55D18004D1E3A /* Resources */,
				2F40746E6C0574F161C382C6 /* [CP] Embed Pods Frameworks */,
			);
			buildRules = (
			);
			dependencies = (
			);
			name = AVPlayerReworking;
			productName = AVPlayerReworking;
			productReference = 8A280A3723B55D18004D1E3A /* AVPlayerReworking.app */;
			productType = "com.apple.product-type.application";
		};
/* End PBXNativeTarget section */

/* Begin PBXProject section */
		8A280A2F23B55D18004D1E3A /* Project object */ = {
			isa = PBXProject;
			attributes = {
				LastSwiftUpdateCheck = 1130;
				LastUpgradeCheck = 1130;
				ORGANIZATIONNAME = "Yannick Jacques";
				TargetAttributes = {
					8A280A3623B55D18004D1E3A = {
						CreatedOnToolsVersion = 11.3;
					};
				};
			};
			buildConfigurationList = 8A280A3223B55D18004D1E3A /* Build configuration list for PBXProject "AVPlayerReworking" */;
			compatibilityVersion = "Xcode 9.3";
			developmentRegion = en;
			hasScannedForEncodings = 0;
			knownRegions = (
				en,
				Base,
			);
			mainGroup = 8A280A2E23B55D18004D1E3A;
			productRefGroup = 8A280A3823B55D18004D1E3A /* Products */;
			projectDirPath = "";
			projectRoot = "";
			targets = (
				8A280A3623B55D18004D1E3A /* AVPlayerReworking */,
			);
		};
/* End PBXProject section */

/* Begin PBXResourcesBuildPhase section */
		8A280A3523B55D18004D1E3A /* Resources */ = {
			isa = PBXResourcesBuildPhase;
			buildActionMask = 2147483647;
			files = (
				8A280A4723B55D1B004D1E3A /* LaunchScreen.storyboard in Resources */,
				8A280A4F23B55E00004D1E3A /* sample.json in Resources */,
				8A280A4423B55D1B004D1E3A /* Assets.xcassets in Resources */,
			);
			runOnlyForDeploymentPostprocessing = 0;
		};
/* End PBXResourcesBuildPhase section */

/* Begin PBXShellScriptBuildPhase section */
		2F40746E6C0574F161C382C6 /* [CP] Embed Pods Frameworks */ = {
			isa = PBXShellScriptBuildPhase;
			buildActionMask = 2147483647;
			files = (
			);
			inputFileListPaths = (
				"${PODS_ROOT}/Target Support Files/Pods-AVPlayerReworking/Pods-AVPlayerReworking-frameworks-${CONFIGURATION}-input-files.xcfilelist",
			);
			name = "[CP] Embed Pods Frameworks";
			outputFileListPaths = (
				"${PODS_ROOT}/Target Support Files/Pods-AVPlayerReworking/Pods-AVPlayerReworking-frameworks-${CONFIGURATION}-output-files.xcfilelist",
			);
			runOnlyForDeploymentPostprocessing = 0;
			shellPath = /bin/sh;
			shellScript = "\"${PODS_ROOT}/Target Support Files/Pods-AVPlayerReworking/Pods-AVPlayerReworking-frameworks.sh\"\n";
			showEnvVarsInLog = 0;
		};
		62448B1CF829B6F0049734F1 /* [CP] Check Pods Manifest.lock */ = {
			isa = PBXShellScriptBuildPhase;
			buildActionMask = 2147483647;
			files = (
			);
			inputFileListPaths = (
			);
			inputPaths = (
				"${PODS_PODFILE_DIR_PATH}/Podfile.lock",
				"${PODS_ROOT}/Manifest.lock",
			);
			name = "[CP] Check Pods Manifest.lock";
			outputFileListPaths = (
			);
			outputPaths = (
				"$(DERIVED_FILE_DIR)/Pods-AVPlayerReworking-checkManifestLockResult.txt",
			);
			runOnlyForDeploymentPostprocessing = 0;
			shellPath = /bin/sh;
			shellScript = "diff \"${PODS_PODFILE_DIR_PATH}/Podfile.lock\" \"${PODS_ROOT}/Manifest.lock\" > /dev/null\nif [ $? != 0 ] ; then\n    # print error to STDERR\n    echo \"error: The sandbox is not in sync with the Podfile.lock. Run 'pod install' or update your CocoaPods installation.\" >&2\n    exit 1\nfi\n# This output is used by Xcode 'outputs' to avoid re-running this script phase.\necho \"SUCCESS\" > \"${SCRIPT_OUTPUT_FILE_0}\"\n";
			showEnvVarsInLog = 0;
		};
/* End PBXShellScriptBuildPhase section */

/* Begin PBXSourcesBuildPhase section */
		8A280A3323B55D18004D1E3A /* Sources */ = {
			isa = PBXSourcesBuildPhase;
			buildActionMask = 2147483647;
			files = (
				8A280A3F23B55D19004D1E3A /* VideoGalleryViewController.swift in Sources */,
				8A280A5323B56644004D1E3A /* VideoTableViewCell.swift in Sources */,
				8A280A5923B57175004D1E3A /* VideoViewController.swift in Sources */,
				8A280A5123B55EE2004D1E3A /* VideoGalleryViewModel.swift in Sources */,
				8A0EE18323B5965B0049E0F1 /* Notification+Extension.swift in Sources */,
				8A280A3B23B55D19004D1E3A /* AppDelegate.swift in Sources */,
				8A94EEBE23B6B04700F0E6A8 /* VideoNodeController.swift in Sources */,
				8A280A5623B56754004D1E3A /* VideoPlayerView.swift in Sources */,
				8A94EEBC23B6ADA900F0E6A8 /* VideoNode.swift in Sources */,
			);
			runOnlyForDeploymentPostprocessing = 0;
		};
/* End PBXSourcesBuildPhase section */

/* Begin PBXVariantGroup section */
		8A280A4523B55D1B004D1E3A /* LaunchScreen.storyboard */ = {
			isa = PBXVariantGroup;
			children = (
				8A280A4623B55D1B004D1E3A /* Base */,
			);
			name = LaunchScreen.storyboard;
			sourceTree = "<group>";
		};
/* End PBXVariantGroup section */

/* Begin XCBuildConfiguration section */
		8A280A4923B55D1B004D1E3A /* Debug */ = {
			isa = XCBuildConfiguration;
			buildSettings = {
				ALWAYS_SEARCH_USER_PATHS = NO;
				CLANG_ANALYZER_NONNULL = YES;
				CLANG_ANALYZER_NUMBER_OBJECT_CONVERSION = YES_AGGRESSIVE;
				CLANG_CXX_LANGUAGE_STANDARD = "gnu++14";
				CLANG_CXX_LIBRARY = "libc++";
				CLANG_ENABLE_MODULES = YES;
				CLANG_ENABLE_OBJC_ARC = YES;
				CLANG_ENABLE_OBJC_WEAK = YES;
				CLANG_WARN_BLOCK_CAPTURE_AUTORELEASING = YES;
				CLANG_WARN_BOOL_CONVERSION = YES;
				CLANG_WARN_COMMA = YES;
				CLANG_WARN_CONSTANT_CONVERSION = YES;
				CLANG_WARN_DEPRECATED_OBJC_IMPLEMENTATIONS = YES;
				CLANG_WARN_DIRECT_OBJC_ISA_USAGE = YES_ERROR;
				CLANG_WARN_DOCUMENTATION_COMMENTS = YES;
				CLANG_WARN_EMPTY_BODY = YES;
				CLANG_WARN_ENUM_CONVERSION = YES;
				CLANG_WARN_INFINITE_RECURSION = YES;
				CLANG_WARN_INT_CONVERSION = YES;
				CLANG_WARN_NON_LITERAL_NULL_CONVERSION = YES;
				CLANG_WARN_OBJC_IMPLICIT_RETAIN_SELF = YES;
				CLANG_WARN_OBJC_LITERAL_CONVERSION = YES;
				CLANG_WARN_OBJC_ROOT_CLASS = YES_ERROR;
				CLANG_WARN_RANGE_LOOP_ANALYSIS = YES;
				CLANG_WARN_STRICT_PROTOTYPES = YES;
				CLANG_WARN_SUSPICIOUS_MOVE = YES;
				CLANG_WARN_UNGUARDED_AVAILABILITY = YES_AGGRESSIVE;
				CLANG_WARN_UNREACHABLE_CODE = YES;
				CLANG_WARN__DUPLICATE_METHOD_MATCH = YES;
				COPY_PHASE_STRIP = NO;
				DEBUG_INFORMATION_FORMAT = dwarf;
				ENABLE_STRICT_OBJC_MSGSEND = YES;
				ENABLE_TESTABILITY = YES;
				GCC_C_LANGUAGE_STANDARD = gnu11;
				GCC_DYNAMIC_NO_PIC = NO;
				GCC_NO_COMMON_BLOCKS = YES;
				GCC_OPTIMIZATION_LEVEL = 0;
				GCC_PREPROCESSOR_DEFINITIONS = (
					"DEBUG=1",
					"$(inherited)",
				);
				GCC_WARN_64_TO_32_BIT_CONVERSION = YES;
				GCC_WARN_ABOUT_RETURN_TYPE = YES_ERROR;
				GCC_WARN_UNDECLARED_SELECTOR = YES;
				GCC_WARN_UNINITIALIZED_AUTOS = YES_AGGRESSIVE;
				GCC_WARN_UNUSED_FUNCTION = YES;
				GCC_WARN_UNUSED_VARIABLE = YES;
				IPHONEOS_DEPLOYMENT_TARGET = 13.2;
				MTL_ENABLE_DEBUG_INFO = INCLUDE_SOURCE;
				MTL_FAST_MATH = YES;
				ONLY_ACTIVE_ARCH = YES;
				SDKROOT = iphoneos;
				SWIFT_ACTIVE_COMPILATION_CONDITIONS = DEBUG;
				SWIFT_OPTIMIZATION_LEVEL = "-Onone";
			};
			name = Debug;
		};
		8A280A4A23B55D1B004D1E3A /* Release */ = {
			isa = XCBuildConfiguration;
			buildSettings = {
				ALWAYS_SEARCH_USER_PATHS = NO;
				CLANG_ANALYZER_NONNULL = YES;
				CLANG_ANALYZER_NUMBER_OBJECT_CONVERSION = YES_AGGRESSIVE;
				CLANG_CXX_LANGUAGE_STANDARD = "gnu++14";
				CLANG_CXX_LIBRARY = "libc++";
				CLANG_ENABLE_MODULES = YES;
				CLANG_ENABLE_OBJC_ARC = YES;
				CLANG_ENABLE_OBJC_WEAK = YES;
				CLANG_WARN_BLOCK_CAPTURE_AUTORELEASING = YES;
				CLANG_WARN_BOOL_CONVERSION = YES;
				CLANG_WARN_COMMA = YES;
				CLANG_WARN_CONSTANT_CONVERSION = YES;
				CLANG_WARN_DEPRECATED_OBJC_IMPLEMENTATIONS = YES;
				CLANG_WARN_DIRECT_OBJC_ISA_USAGE = YES_ERROR;
				CLANG_WARN_DOCUMENTATION_COMMENTS = YES;
				CLANG_WARN_EMPTY_BODY = YES;
				CLANG_WARN_ENUM_CONVERSION = YES;
				CLANG_WARN_INFINITE_RECURSION = YES;
				CLANG_WARN_INT_CONVERSION = YES;
				CLANG_WARN_NON_LITERAL_NULL_CONVERSION = YES;
				CLANG_WARN_OBJC_IMPLICIT_RETAIN_SELF = YES;
				CLANG_WARN_OBJC_LITERAL_CONVERSION = YES;
				CLANG_WARN_OBJC_ROOT_CLASS = YES_ERROR;
				CLANG_WARN_RANGE_LOOP_ANALYSIS = YES;
				CLANG_WARN_STRICT_PROTOTYPES = YES;
				CLANG_WARN_SUSPICIOUS_MOVE = YES;
				CLANG_WARN_UNGUARDED_AVAILABILITY = YES_AGGRESSIVE;
				CLANG_WARN_UNREACHABLE_CODE = YES;
				CLANG_WARN__DUPLICATE_METHOD_MATCH = YES;
				COPY_PHASE_STRIP = NO;
				DEBUG_INFORMATION_FORMAT = "dwarf-with-dsym";
				ENABLE_NS_ASSERTIONS = NO;
				ENABLE_STRICT_OBJC_MSGSEND = YES;
				GCC_C_LANGUAGE_STANDARD = gnu11;
				GCC_NO_COMMON_BLOCKS = YES;
				GCC_WARN_64_TO_32_BIT_CONVERSION = YES;
				GCC_WARN_ABOUT_RETURN_TYPE = YES_ERROR;
				GCC_WARN_UNDECLARED_SELECTOR = YES;
				GCC_WARN_UNINITIALIZED_AUTOS = YES_AGGRESSIVE;
				GCC_WARN_UNUSED_FUNCTION = YES;
				GCC_WARN_UNUSED_VARIABLE = YES;
				IPHONEOS_DEPLOYMENT_TARGET = 13.2;
				MTL_ENABLE_DEBUG_INFO = NO;
				MTL_FAST_MATH = YES;
				SDKROOT = iphoneos;
				SWIFT_COMPILATION_MODE = wholemodule;
				SWIFT_OPTIMIZATION_LEVEL = "-O";
				VALIDATE_PRODUCT = YES;
			};
			name = Release;
		};
		8A280A4C23B55D1B004D1E3A /* Debug */ = {
			isa = XCBuildConfiguration;
			baseConfigurationReference = 70F05C5D40C2512F415929B3 /* Pods-AVPlayerReworking.debug.xcconfig */;
			buildSettings = {
				ASSETCATALOG_COMPILER_APPICON_NAME = AppIcon;
				CODE_SIGN_STYLE = Automatic;
				DEVELOPMENT_TEAM = 7RX27UE56F;
				INFOPLIST_FILE = AVPlayerReworking/Info.plist;
				IPHONEOS_DEPLOYMENT_TARGET = 11.3;
				LD_RUNPATH_SEARCH_PATHS = (
					"$(inherited)",
					"@executable_path/Frameworks",
				);
				PRODUCT_BUNDLE_IDENTIFIER = com.donrakes.AVPlayerReworking;
				PRODUCT_NAME = "$(TARGET_NAME)";
				SWIFT_VERSION = 5.0;
				TARGETED_DEVICE_FAMILY = "1,2";
			};
			name = Debug;
		};
		8A280A4D23B55D1B004D1E3A /* Release */ = {
			isa = XCBuildConfiguration;
			baseConfigurationReference = EA3E8D07072D83D152DF3EBA /* Pods-AVPlayerReworking.release.xcconfig */;
			buildSettings = {
				ASSETCATALOG_COMPILER_APPICON_NAME = AppIcon;
				CODE_SIGN_STYLE = Automatic;
				DEVELOPMENT_TEAM = 7RX27UE56F;
				INFOPLIST_FILE = AVPlayerReworking/Info.plist;
				IPHONEOS_DEPLOYMENT_TARGET = 11.3;
				LD_RUNPATH_SEARCH_PATHS = (
					"$(inherited)",
					"@executable_path/Frameworks",
				);
				PRODUCT_BUNDLE_IDENTIFIER = com.donrakes.AVPlayerReworking;
				PRODUCT_NAME = "$(TARGET_NAME)";
				SWIFT_VERSION = 5.0;
				TARGETED_DEVICE_FAMILY = "1,2";
			};
			name = Release;
		};
/* End XCBuildConfiguration section */

/* Begin XCConfigurationList section */
		8A280A3223B55D18004D1E3A /* Build configuration list for PBXProject "AVPlayerReworking" */ = {
			isa = XCConfigurationList;
			buildConfigurations = (
				8A280A4923B55D1B004D1E3A /* Debug */,
				8A280A4A23B55D1B004D1E3A /* Release */,
			);
			defaultConfigurationIsVisible = 0;
			defaultConfigurationName = Release;
		};
		8A280A4B23B55D1B004D1E3A /* Build configuration list for PBXNativeTarget "AVPlayerReworking" */ = {
			isa = XCConfigurationList;
			buildConfigurations = (
				8A280A4C23B55D1B004D1E3A /* Debug */,
				8A280A4D23B55D1B004D1E3A /* Release */,
			);
			defaultConfigurationIsVisible = 0;
			defaultConfigurationName = Release;
		};
/* End XCConfigurationList section */
	};
	rootObject = 8A280A2F23B55D18004D1E3A /* Project object */;
}
